
Microsoft Visual Studio Solution File, Format Version 12.00
# Visual Studio 15
VisualStudioVersion = 15.0.28010.2036
MinimumVisualStudioVersion = 10.0.40219.1
Project("{FAE04EC0-301F-11D3-BF4B-00C04F79EFBC}") = "WebDel3Part2", "WebDel3Part2\WebDel3Part2.csproj", "{D9AC411A-F008-41C0-8A03-A91705959954}"
EndProject
Global
	GlobalSection(SolutionConfigurationPlatforms) = preSolution
		Debug|Any CPU = Debug|Any CPU
		Release|Any CPU = Release|Any CPU
	EndGlobalSection
	GlobalSection(ProjectConfigurationPlatforms) = postSolution
		{D9AC411A-F008-41C0-8A03-A91705959954}.Debug|Any CPU.ActiveCfg = Debug|Any CPU
		{D9AC411A-F008-41C0-8A03-A91705959954}.Debug|Any CPU.Build.0 = Debug|Any CPU
		{D9AC411A-F008-41C0-8A03-A91705959954}.Release|Any CPU.ActiveCfg = Release|Any CPU
		{D9AC411A-F008-41C0-8A03-A91705959954}.Release|Any CPU.Build.0 = Release|Any CPU
	EndGlobalSection
	GlobalSection(SolutionProperties) = preSolution
		HideSolutionNode = FALSE
	EndGlobalSection
	GlobalSection(ExtensibilityGlobals) = postSolution
		SolutionGuid = {E8996044-B56D-440B-BDF7-DF1CCDAEA528}
	EndGlobalSection
EndGlobal
